PODS:
  - Flutter (1.0.0)
  - flutter_beacon (0.3.0):
    - Flutter

DEPENDENCIES:
  - Flutter (from `.symlinks/flutter/ios`)
  - flutter_beacon (from `.symlinks/plugins/flutter_beacon/ios`)

EXTERNAL SOURCES:
  Flutter:
    :path: ".symlinks/flutter/ios"
  flutter_beacon:
    :path: ".symlinks/plugins/flutter_beacon/ios"

SPEC CHECKSUMS:
  Flutter: 0e3d915762c693b495b44d77113d4970485de6ec
  flutter_beacon: 2525df9d96b904623f325968a73bac805e648119

PODFILE CHECKSUM: b6a0a141693093b304368d08511b46cf3d1d0ac5

COCOAPODS: 1.9.1
